
Microsoft Visual Studio Solution File, Format Version 12.00
# Visual Studio Version 17
VisualStudioVersion = 17.5.002.0
MinimumVisualStudioVersion = 10.0.40219.1
Project("{9A19103F-16F7-4668-BE54-9A1E7A4F7556}") = "ng-calculator", "ng-calculator.csproj", "{38AC1D61-7928-4C0E-9C6C-C0B404A2447D}"
EndProject
Global
	GlobalSection(SolutionConfigurationPlatforms) = preSolution
		Debug|Any CPU = Debug|Any CPU
		Release|Any CPU = Release|Any CPU
	EndGlobalSection
	GlobalSection(ProjectConfigurationPlatforms) = postSolution
		{38AC1D61-7928-4C0E-9C6C-C0B404A2447D}.Debug|Any CPU.ActiveCfg = Debug|Any CPU
		{38AC1D61-7928-4C0E-9C6C-C0B404A2447D}.Debug|Any CPU.Build.0 = Debug|Any CPU
		{38AC1D61-7928-4C0E-9C6C-C0B404A2447D}.Release|Any CPU.ActiveCfg = Release|Any CPU
		{38AC1D61-7928-4C0E-9C6C-C0B404A2447D}.Release|Any CPU.Build.0 = Release|Any CPU
	EndGlobalSection
	GlobalSection(SolutionProperties) = preSolution
		HideSolutionNode = FALSE
	EndGlobalSection
	GlobalSection(ExtensibilityGlobals) = postSolution
		SolutionGuid = {F5224D21-35FA-4C59-BDC2-536E9B3DB04E}
	EndGlobalSection
EndGlobal
